
Microsoft Visual Studio Solution File, Format Version 12.00
# Visual Studio Version 16
VisualStudioVersion = 16.0.30711.63
MinimumVisualStudioVersion = 10.0.40219.1
Project("{9A19103F-16F7-4668-BE54-9A1E7A4F7556}") = "RemindMeOfSpecialBirthdays.Server", "RemindMeOfSpecialBirthdays\Server\RemindMeOfSpecialBirthdays.Server.csproj", "{34F40F01-00B6-4360-B3EE-BA4499F6E967}"
EndProject
Project("{9A19103F-16F7-4668-BE54-9A1E7A4F7556}") = "RemindMeOfSpecialBirthdays.Client", "RemindMeOfSpecialBirthdays\Client\RemindMeOfSpecialBirthdays.Client.csproj", "{A820B6BC-0E9E-4F48-8696-D1026A870DB6}"
EndProject
Project("{9A19103F-16F7-4668-BE54-9A1E7A4F7556}") = "Contracts", "Contracts\Contracts.csproj", "{9B2698E7-02F8-4B85-A97F-496BAC2A56D4}"
EndProject
Project("{9A19103F-16F7-4668-BE54-9A1E7A4F7556}") = "Entities", "Entities\Entities.csproj", "{A85C9EA2-CE88-4CCA-A032-DFBE782B5631}"
EndProject
Project("{9A19103F-16F7-4668-BE54-9A1E7A4F7556}") = "Repository", "Repository\Repository.csproj", "{B658C1BD-BD81-4769-AB00-CEDB5D6FFCD0}"
EndProject
Global
	GlobalSection(SolutionConfigurationPlatforms) = preSolution
		Debug|Any CPU = Debug|Any CPU
		Release|Any CPU = Release|Any CPU
	EndGlobalSection
	GlobalSection(ProjectConfigurationPlatforms) = postSolution
		{34F40F01-00B6-4360-B3EE-BA4499F6E967}.Debug|Any CPU.ActiveCfg = Debug|Any CPU
		{34F40F01-00B6-4360-B3EE-BA4499F6E967}.Debug|Any CPU.Build.0 = Debug|Any CPU
		{34F40F01-00B6-4360-B3EE-BA4499F6E967}.Release|Any CPU.ActiveCfg = Release|Any CPU
		{34F40F01-00B6-4360-B3EE-BA4499F6E967}.Release|Any CPU.Build.0 = Release|Any CPU
		{A820B6BC-0E9E-4F48-8696-D1026A870DB6}.Debug|Any CPU.ActiveCfg = Debug|Any CPU
		{A820B6BC-0E9E-4F48-8696-D1026A870DB6}.Debug|Any CPU.Build.0 = Debug|Any CPU
		{A820B6BC-0E9E-4F48-8696-D1026A870DB6}.Release|Any CPU.ActiveCfg = Release|Any CPU
		{A820B6BC-0E9E-4F48-8696-D1026A870DB6}.Release|Any CPU.Build.0 = Release|Any CPU
		{9B2698E7-02F8-4B85-A97F-496BAC2A56D4}.Debug|Any CPU.ActiveCfg = Debug|Any CPU
		{9B2698E7-02F8-4B85-A97F-496BAC2A56D4}.Debug|Any CPU.Build.0 = Debug|Any CPU
		{9B2698E7-02F8-4B85-A97F-496BAC2A56D4}.Release|Any CPU.ActiveCfg = Release|Any CPU
		{9B2698E7-02F8-4B85-A97F-496BAC2A56D4}.Release|Any CPU.Build.0 = Release|Any CPU
		{A85C9EA2-CE88-4CCA-A032-DFBE782B5631}.Debug|Any CPU.ActiveCfg = Debug|Any CPU
		{A85C9EA2-CE88-4CCA-A032-DFBE782B5631}.Debug|Any CPU.Build.0 = Debug|Any CPU
		{A85C9EA2-CE88-4CCA-A032-DFBE782B5631}.Release|Any CPU.ActiveCfg = Release|Any CPU
		{A85C9EA2-CE88-4CCA-A032-DFBE782B5631}.Release|Any CPU.Build.0 = Release|Any CPU
		{B658C1BD-BD81-4769-AB00-CEDB5D6FFCD0}.Debug|Any CPU.ActiveCfg = Debug|Any CPU
		{B658C1BD-BD81-4769-AB00-CEDB5D6FFCD0}.Debug|Any CPU.Build.0 = Debug|Any CPU
		{B658C1BD-BD81-4769-AB00-CEDB5D6FFCD0}.Release|Any CPU.ActiveCfg = Release|Any CPU
		{B658C1BD-BD81-4769-AB00-CEDB5D6FFCD0}.Release|Any CPU.Build.0 = Release|Any CPU
	EndGlobalSection
	GlobalSection(SolutionProperties) = preSolution
		HideSolutionNode = FALSE
	EndGlobalSection
	GlobalSection(ExtensibilityGlobals) = postSolution
		SolutionGuid = {6E92E31B-A967-4A94-9169-453E10756874}
	EndGlobalSection
EndGlobal
